<?xml version="1.0" encoding="utf-8"?>
<Project ToolsVersion="4.0" xmlns="http://schemas.microsoft.com/developer/msbuild/2003">
  <ItemGroup>
    <Filter Include="Source Files">
      <UniqueIdentifier>{4FC737F1-C7A5-4376-A066-2A32D752A2FF}</UniqueIdentifier>
      <Extensions>cpp;c;cc;cxx;def;odl;idl;hpj;bat;asm;asmx</Extensions>
    </Filter>
    <Filter Include="Header Files">
      <UniqueIdentifier>{93995380-89BD-4b04-88EB-625FBE52EBFB}</UniqueIdentifier>
      <Extensions>h;hh;hpp;hxx;hm;inl;inc;ipp;xsd</Extensions>
    </Filter>
    <Filter Include="Resource Files">
      <UniqueIdentifier>{67DA6AB6-F800-4c08-8B7A-83BB121AAD01}</UniqueIdentifier>
      <Extensions>rc;ico;cur;bmp;dlg;rc2;rct;bin;rgs;gif;jpg;jpeg;jpe;resx;tiff;tif;png;wav;mfcribbon-ms</Extensions>
    </Filter>
  </ItemGroup>
  <ItemGroup>
    <ClCompile Include="InyeccionDependencias.cpp">
      <Filter>Source Files</Filter>
    </ClCompile>
    <ClCompile Include="Colecciones\ArrayList.cpp">
      <Filter>Source Files</Filter>
    </ClCompile>
    <ClCompile Include="Colecciones\IteradorArrayList.cpp">
      <Filter>Source Files</Filter>
    </ClCompile>
    <ClCompile Include="Colecciones\IteradorLinkedList.cpp">
      <Filter>Source Files</Filter>
    </ClCompile>
    <ClCompile Include="Colecciones\LinkedList.cpp">
      <Filter>Source Files</Filter>
    </ClCompile>
    <ClCompile Include="Alimento.cpp">
      <Filter>Source Files</Filter>
    </ClCompile>
    <ClCompile Include="InventarioAlimentos.cpp">
      <Filter>Source Files</Filter>
    </ClCompile>
    <ClCompile Include="Paciente.cpp">
      <Filter>Source Files</Filter>
    </ClCompile>
    <ClCompile Include="Colecciones\Nodo.cpp">
      <Filter>Source Files</Filter>
    </ClCompile>
    <ClCompile Include="InventarioPacientes.cpp">
      <Filter>Source Files</Filter>
    </ClCompile>
  </ItemGroup>
  <ItemGroup>
    <ClInclude Include="Colecciones\ArrayList.h">
      <Filter>Header Files</Filter>
    </ClInclude>
    <ClInclude Include="Colecciones\IIterable.h">
      <Filter>Header Files</Filter>
    </ClInclude>
    <ClInclude Include="Colecciones\IIterador.h">
      <Filter>Header Files</Filter>
    </ClInclude>
    <ClInclude Include="Colecciones\IList.h">
      <Filter>Header Files</Filter>
    </ClInclude>
    <ClInclude Include="Colecciones\IReadOnlyCollection.h">
      <Filter>Header Files</Filter>
    </ClInclude>
    <ClInclude Include="Colecciones\IteradorArrayList.h">
      <Filter>Header Files</Filter>
    </ClInclude>
    <ClInclude Include="Colecciones\IteradorLinkedList.h">
      <Filter>Header Files</Filter>
    </ClInclude>
    <ClInclude Include="Colecciones\LinkedList.h">
      <Filter>Header Files</Filter>
    </ClInclude>
    <ClInclude Include="Colecciones\Nodo.h">
      <Filter>Header Files</Filter>
    </ClInclude>
    <ClInclude Include="Colecciones\ObjetoBase.h">
      <Filter>Header Files</Filter>
    </ClInclude>
    <ClInclude Include="Alimento.h">
      <Filter>Header Files</Filter>
    </ClInclude>
    <ClInclude Include="InventarioAlimentos.h">
      <Filter>Header Files</Filter>
    </ClInclude>
    <ClInclude Include="Paciente.h">
      <Filter>Header Files</Filter>
    </ClInclude>
    <ClInclude Include="MenuPrincipal.h">
      <Filter>Header Files</Filter>
    </ClInclude>
    <ClInclude Include="MenuAlimentos.h">
      <Filter>Header Files</Filter>
    </ClInclude>
    <ClInclude Include="MenuPacientes.h">
      <Filter>Header Files</Filter>
    </ClInclude>
    <ClInclude Include="Bootstrapper.h">
      <Filter>Header Files</Filter>
    </ClInclude>
    <ClInclude Include="InventarioPacientes.h">
      <Filter>Header Files</Filter>
    </ClInclude>
  </ItemGroup>
</Project>